
Microsoft Visual Studio Solution File, Format Version 12.00
# Visual Studio 15
VisualStudioVersion = 15.0.28307.329
MinimumVisualStudioVersion = 10.0.40219.1
Project("{888888A0-9F3D-457C-B088-3A5042F75D52}") = "TeutaServeriTCP", "TeutaServeriTCP\TeutaServeriTCP.pyproj", "{0FE2C067-2938-4DBD-9D53-767A50413402}"
EndProject
Global
	GlobalSection(SolutionConfigurationPlatforms) = preSolution
		Debug|Any CPU = Debug|Any CPU
		Release|Any CPU = Release|Any CPU
	EndGlobalSection
	GlobalSection(ProjectConfigurationPlatforms) = postSolution
		{0FE2C067-2938-4DBD-9D53-767A50413402}.Debug|Any CPU.ActiveCfg = Debug|Any CPU
		{0FE2C067-2938-4DBD-9D53-767A50413402}.Release|Any CPU.ActiveCfg = Release|Any CPU
	EndGlobalSection
	GlobalSection(SolutionProperties) = preSolution
		HideSolutionNode = FALSE
	EndGlobalSection
	GlobalSection(ExtensibilityGlobals) = postSolution
		SolutionGuid = {1EF3D5DB-7A69-492E-BFB7-A55C14D6A3ED}
	EndGlobalSection
EndGlobal
